
Microsoft Visual Studio Solution File, Format Version 12.00
Project("{FAE04EC0-301F-11D3-BF4B-00C04F79EFBC}") = "PdfExeJoinerWinForms", "PdfExeJoinerWinForms.csproj", "{91BE2CF2-A00F-4DAB-8C32-767A1F140B8E}"
EndProject
Global
	GlobalSection(SolutionConfigurationPlatforms) = preSolution
		Debug|Any CPU = Debug|Any CPU
		Release|Any CPU = Release|Any CPU
	EndGlobalSection
	GlobalSection(ProjectConfigurationPlatforms) = postSolution
		{91BE2CF2-A00F-4DAB-8C32-767A1F140B8E}.Debug|Any CPU.ActiveCfg = Debug|Any CPU
		{91BE2CF2-A00F-4DAB-8C32-767A1F140B8E}.Debug|Any CPU.Build.0 = Debug|Any CPU
		{91BE2CF2-A00F-4DAB-8C32-767A1F140B8E}.Release|Any CPU.ActiveCfg = Release|Any CPU
		{91BE2CF2-A00F-4DAB-8C32-767A1F140B8E}.Release|Any CPU.Build.0 = Release|Any CPU
	EndGlobalSection
EndGlobal
